
{
  "name": "evaporate",
  "version": "2.1.4",
  "lockfileVersion": 1,
  "requires": true,
  "dependencies": {
    "@nodelib/fs.scandir": {
      "version": "2.1.5",
      "resolved": "https://registry.npmjs.org/@nodelib/fs.scandir/-/fs.scandir-2.1.5.tgz",
      "integrity": "sha512-vq24Bq3ym5HEQm2NKCr3yXDwjc7vTsEThRDnkp2DK9p1uqLR+DHurm/NOTo0KG7HYHU7eppKZj3MyqYuMBf62g==",
      "dev": true,
      "requires": {
        "@nodelib/fs.stat": "2.0.5",
        "run-parallel": "^1.1.9"
      }
    },
    "@nodelib/fs.stat": {
      "version": "2.0.5",
      "resolved": "https://registry.npmjs.org/@nodelib/fs.stat/-/fs.stat-2.0.5.tgz",
      "integrity": "sha512-RkhPPp2zrqDAQA/2jNhnztcPAlv64XdhIp7a7454A5ovI7Bukxgt7MX7udwAu3zg1DcpPU0rz3VV1SeaqvY4+A==",
      "dev": true
    },
    "@nodelib/fs.walk": {
      "version": "1.2.8",
      "resolved": "https://registry.npmjs.org/@nodelib/fs.walk/-/fs.walk-1.2.8.tgz",
      "integrity": "sha512-oGB+UxlgWcgQkgwo8GcEGwemoTFt3FIO9ababBmaGwXIoBKZ+GTy0pP185beGg7Llih/NSHSV2XAs1lnznocSg==",
      "dev": true,
      "requires": {
        "@nodelib/fs.scandir": "2.1.5",
        "fastq": "^1.6.0"
      }
    },
    "File": {
      "version": "0.10.2",
      "resolved": "https://registry.npmjs.org/File/-/File-0.10.2.tgz",
      "integrity": "sha1-6Jn3dtJz4iQ7qGEFuzsFbQ+5VgQ=",
      "dev": true,
      "requires": {
        "mime": "1.3.4"
      }
    },
    "FileList": {
      "version": "0.10.2",
      "resolved": "https://registry.npmjs.org/FileList/-/FileList-0.10.2.tgz",
      "integrity": "sha1-YAOxqXFZNBZLZ8Q0rWqHQaHNFHo=",
      "dev": true
    },
    "abab": {
      "version": "1.0.4",
      "resolved": "https://registry.npmjs.org/abab/-/abab-1.0.4.tgz",
      "integrity": "sha1-X6rZwsB/YN12dw9xzwJbYqY8/U4=",
      "dev": true
    },
    "acorn": {
      "version": "4.0.13",
      "resolved": "https://registry.npmjs.org/acorn/-/acorn-4.0.13.tgz",
      "integrity": "sha1-EFSVrlNh1pe9GVyCUZLhrX8lN4c=",
      "dev": true
    },
    "acorn-globals": {
      "version": "3.1.0",
      "resolved": "https://registry.npmjs.org/acorn-globals/-/acorn-globals-3.1.0.tgz",
      "integrity": "sha1-/YJw9x+7SZawBPqIDuXUZXOnMb8=",
      "dev": true,
      "requires": {
        "acorn": "4.0.13"
      }
    },
    "acorn-walk": {
      "version": "8.2.0",
      "resolved": "https://registry.npmjs.org/acorn-walk/-/acorn-walk-8.2.0.tgz",
      "integrity": "sha512-k+iyHEuPgSw6SbuDpGQM+06HQUa04DZ3o+F6CSzXMvvI5KMvnaEqXe+YVe555R9nn6GPt404fos4wcgpw12SDA==",
      "dev": true
    },
    "aggregate-error": {
      "version": "4.0.1",
      "resolved": "https://registry.npmjs.org/aggregate-error/-/aggregate-error-4.0.1.tgz",
      "integrity": "sha512-0poP0T7el6Vq3rstR8Mn4V/IQrpBLO6POkUSrN7RhyY+GF/InCFShQzsQ39T25gkHhLgSLByyAz+Kjb+c2L98w==",
      "dev": true,
      "requires": {
        "clean-stack": "^4.0.0",
        "indent-string": "^5.0.0"
      }
    },
    "ajv": {
      "version": "5.2.3",
      "resolved": "https://registry.npmjs.org/ajv/-/ajv-5.2.3.tgz",
      "integrity": "sha1-wG9Zh3jETGsWGrr+NGa4GtGBTtI=",
      "dev": true,
      "requires": {
        "co": "4.6.0",
        "fast-deep-equal": "1.0.0",
        "json-schema-traverse": "0.3.1",
        "json-stable-stringify": "1.0.1"
      }
    },
    "ansi-regex": {
      "version": "2.1.1",
      "resolved": "https://registry.npmjs.org/ansi-regex/-/ansi-regex-2.1.1.tgz",
      "integrity": "sha1-w7M6te42DYbg5ijwRorn7yfWVN8=",
      "dev": true
    },
    "ansi-styles": {
      "version": "2.2.1",
      "resolved": "https://registry.npmjs.org/ansi-styles/-/ansi-styles-2.2.1.tgz",
      "integrity": "sha1-tDLdM1i2NM914eRmQ2gkBTPB3b4=",
      "dev": true
    },
    "anymatch": {
      "version": "1.3.2",
      "resolved": "https://registry.npmjs.org/anymatch/-/anymatch-1.3.2.tgz",
      "integrity": "sha512-0XNayC8lTHQ2OI8aljNCN3sSx6hsr/1+rlcDAotXJR7C1oZZHCNsfpbKwMjRA3Uqb5tF1Rae2oloTr4xpq+WjA==",
      "dev": true,
      "requires": {
        "micromatch": "2.3.11",
        "normalize-path": "2.1.1"
      }
    },
    "argparse": {
      "version": "1.0.10",
      "resolved": "https://registry.npmjs.org/argparse/-/argparse-1.0.10.tgz",
      "integrity": "sha512-o5Roy6tNG4SL/FOkCAN6RzjiakZS25RLYFrcMttJqbdd8BWrnA+fGz57iN5Pb06pvBGvl5gQ0B48dJlslXvoTg==",
      "dev": true,
      "requires": {
        "sprintf-js": "~1.0.2"
      }
    },
    "arr-diff": {
      "version": "2.0.0",
      "resolved": "https://registry.npmjs.org/arr-diff/-/arr-diff-2.0.0.tgz",
      "integrity": "sha1-jzuCf5Vai9ZpaX5KQlasPOrjVs8=",
      "dev": true,
      "requires": {
        "arr-flatten": "1.1.0"
      }
    },
    "arr-flatten": {
      "version": "1.1.0",
      "resolved": "https://registry.npmjs.org/arr-flatten/-/arr-flatten-1.1.0.tgz",
      "integrity": "sha512-L3hKV5R/p5o81R7O02IGnwpDmkp6E982XhtbuwSe3O4qOtMMMtodicASA1Cny2U+aCXcNpml+m4dPsvsJ3jatg==",
      "dev": true
    },
    "array-equal": {
      "version": "1.0.0",
      "resolved": "https://registry.npmjs.org/array-equal/-/array-equal-1.0.0.tgz",
      "integrity": "sha1-jCpe8kcv2ep0KwTHenUJO6J1fJM=",
      "dev": true
    },
    "array-find-index": {
      "version": "1.0.2",
      "resolved": "https://registry.npmjs.org/array-find-index/-/array-find-index-1.0.2.tgz",
      "integrity": "sha512-M1HQyIXcBGtVywBt8WVdim+lrNaK7VHp99Qt5pSNziXznKHViIBbXWtfRTpEFpF/c4FdfxNAsCCwPp5phBYJtw==",
      "dev": true
    },
    "array-unique": {
      "version": "0.2.1",
      "resolved": "https://registry.npmjs.org/array-unique/-/array-unique-0.2.1.tgz",
      "integrity": "sha1-odl8yvy8JiXMcPrc6zalDFiwGlM=",
      "dev": true
    },
    "arrgv": {
      "version": "1.0.2",
      "resolved": "https://registry.npmjs.org/arrgv/-/arrgv-1.0.2.tgz",
      "integrity": "sha512-a4eg4yhp7mmruZDQFqVMlxNRFGi/i1r87pt8SDHy0/I8PqSXoUTlWZRdAZo0VXgvEARcujbtTk8kiZRi1uDGRw==",
      "dev": true
    },
    "arrify": {
      "version": "3.0.0",
      "resolved": "https://registry.npmjs.org/arrify/-/arrify-3.0.0.tgz",
      "integrity": "sha512-tLkvA81vQG/XqE2mjDkGQHoOINtMHtysSnemrmoGe6PydDPMRbVugqyk4A6V/WDWEfm3l+0d8anA9r8cv/5Jaw==",
      "dev": true
    },
    "asn1": {
      "version": "0.2.3",
      "resolved": "https://registry.npmjs.org/asn1/-/asn1-0.2.3.tgz",
      "integrity": "sha1-2sh4dxPJlmhJ/IGAd36+nB3fO4Y=",
      "dev": true
    },
    "assert-plus": {
      "version": "0.2.0",
      "resolved": "https://registry.npmjs.org/assert-plus/-/assert-plus-0.2.0.tgz",
      "integrity": "sha1-104bh+ev/A24qttwIfP+SBAasjQ=",
      "dev": true
    },
    "assertion-error": {
      "version": "1.0.2",
      "resolved": "https://registry.npmjs.org/assertion-error/-/assertion-error-1.0.2.tgz",
      "integrity": "sha1-E8pRXYYgbaC6xm6DTdOX2HWBCUw=",
      "dev": true
    },
    "async": {
      "version": "1.5.2",
      "resolved": "https://registry.npmjs.org/async/-/async-1.5.2.tgz",
      "integrity": "sha1-7GphrlZIDAw8skHJVhjiCJL5Zyo=",
      "dev": true
    },
    "async-each": {
      "version": "1.0.1",
      "resolved": "https://registry.npmjs.org/async-each/-/async-each-1.0.1.tgz",
      "integrity": "sha1-GdOGodntxufByF04iu28xW0zYC0=",
      "dev": true
    },
    "asynckit": {
      "version": "0.4.0",
      "resolved": "https://registry.npmjs.org/asynckit/-/asynckit-0.4.0.tgz",
      "integrity": "sha1-x57Zf380y48robyXkLzDZkdLS3k=",
      "dev": true
    },
    "ava": {
      "version": "5.1.0",
      "resolved": "https://registry.npmjs.org/ava/-/ava-5.1.0.tgz",
      "integrity": "sha512-e5VFrSQ0WBPyZJWRXVrO7RFOizFeNM0t2PORwrPvWtApgkORI6cvGnY3GX1G+lzpd0HjqNx5Jus22AhxVnUMNA==",
      "dev": true,
      "requires": {
        "acorn": "^8.8.1",
        "acorn-walk": "^8.2.0",
        "ansi-styles": "^6.2.1",
        "arrgv": "^1.0.2",
        "arrify": "^3.0.0",
        "callsites": "^4.0.0",
        "cbor": "^8.1.0",
        "chalk": "^5.1.2",
        "chokidar": "^3.5.3",
        "chunkd": "^2.0.1",
        "ci-info": "^3.6.1",
        "ci-parallel-vars": "^1.0.1",
        "clean-yaml-object": "^0.1.0",
        "cli-truncate": "^3.1.0",
        "code-excerpt": "^4.0.0",
        "common-path-prefix": "^3.0.0",
        "concordance": "^5.0.4",
        "currently-unhandled": "^0.4.1",
        "debug": "^4.3.4",
        "del": "^7.0.0",
        "emittery": "^1.0.1",
        "figures": "^5.0.0",
        "globby": "^13.1.2",
        "ignore-by-default": "^2.1.0",
        "indent-string": "^5.0.0",
        "is-error": "^2.2.2",
        "is-plain-object": "^5.0.0",
        "is-promise": "^4.0.0",
        "matcher": "^5.0.0",
        "mem": "^9.0.2",
        "ms": "^2.1.3",
        "p-event": "^5.0.1",
        "p-map": "^5.5.0",
        "picomatch": "^2.3.1",
        "pkg-conf": "^4.0.0",
        "plur": "^5.1.0",
        "pretty-ms": "^8.0.0",
        "resolve-cwd": "^3.0.0",
        "slash": "^3.0.0",
        "stack-utils": "^2.0.6",
        "strip-ansi": "^7.0.1",
        "supertap": "^3.0.1",
        "temp-dir": "^3.0.0",
        "write-file-atomic": "^5.0.0",
        "yargs": "^17.6.2"
      },
      "dependencies": {
        "acorn": {
          "version": "8.8.1",
          "resolved": "https://registry.npmjs.org/acorn/-/acorn-8.8.1.tgz",
          "integrity": "sha512-7zFpHzhnqYKrkYdUjF1HI1bzd0VygEGX8lFk4k5zVMqHEoES+P+7TKI+EvLO9WVMJ8eekdO0aDEK044xTXwPPA==",
          "dev": true
        },
        "ansi-regex": {
          "version": "6.0.1",
          "resolved": "https://registry.npmjs.org/ansi-regex/-/ansi-regex-6.0.1.tgz",
          "integrity": "sha512-n5M855fKb2SsfMIiFFoVrABHJC8QtHwVx+mHWP3QcEqBHYienj5dHSgjbxtC0WEZXYt4wcD6zrQElDPhFuZgfA==",
          "dev": true
        },
        "ansi-styles": {
          "version": "6.2.1",
          "resolved": "https://registry.npmjs.org/ansi-styles/-/ansi-styles-6.2.1.tgz",
          "integrity": "sha512-bN798gFfQX+viw3R7yrGWRqnrN2oRkEkUjjl4JNn4E8GxxbjtG3FbrEIIY3l8/hrwUwIeCZvi4QuOTP4MErVug==",
          "dev": true
        },
        "anymatch": {
          "version": "3.1.3",
          "resolved": "https://registry.npmjs.org/anymatch/-/anymatch-3.1.3.tgz",
          "integrity": "sha512-KMReFUr0B4t+D+OBkjR3KYqvocp2XaSzO55UcB6mgQMd3KbcE+mWTyvVV7D/zsdEbNnV6acZUutkiHQXvTr1Rw==",
          "dev": true,
          "requires": {
            "normalize-path": "^3.0.0",
            "picomatch": "^2.0.4"
          }
        },
        "binary-extensions": {
          "version": "2.2.0",
          "resolved": "https://registry.npmjs.org/binary-extensions/-/binary-extensions-2.2.0.tgz",
          "integrity": "sha512-jDctJ/IVQbZoJykoeHbhXpOlNBqGNcwXJKJog42E5HDPUwQTSdjCHdihjj0DlnheQ7blbT6dHOafNAiS8ooQKA==",
          "dev": true
        },
        "braces": {
          "version": "3.0.2",
          "resolved": "https://registry.npmjs.org/braces/-/braces-3.0.2.tgz",
          "integrity": "sha512-b8um+L1RzM3WDSzvhm6gIz1yfTbBt6YTlcEKAvsmqCZZFw46z626lVj9j1yEPW33H5H+lBQpZMP1k8l+78Ha0A==",
          "dev": true,
          "requires": {
            "fill-range": "^7.0.1"
          }
        },
        "chalk": {
          "version": "5.2.0",
          "resolved": "https://registry.npmjs.org/chalk/-/chalk-5.2.0.tgz",
          "integrity": "sha512-ree3Gqw/nazQAPuJJEy+avdl7QfZMcUvmHIKgEZkGL+xOBzRvup5Hxo6LHuMceSxOabuJLJm5Yp/92R9eMmMvA==",
          "dev": true
        },
        "chokidar": {
          "version": "3.5.3",
          "resolved": "https://registry.npmjs.org/chokidar/-/chokidar-3.5.3.tgz",
          "integrity": "sha512-Dr3sfKRP6oTcjf2JmUmFJfeVMvXBdegxB0iVQ5eb2V10uFJUCAS8OByZdVAyVb8xXNz3GjjTgj9kLWsZTqE6kw==",
          "dev": true,
          "requires": {
            "anymatch": "~3.1.2",
            "braces": "~3.0.2",
            "fsevents": "~2.3.2",
            "glob-parent": "~5.1.2",
            "is-binary-path": "~2.1.0",
            "is-glob": "~4.0.1",
            "normalize-path": "~3.0.0",
            "readdirp": "~3.6.0"
          }
        },
        "fill-range": {
          "version": "7.0.1",
          "resolved": "https://registry.npmjs.org/fill-range/-/fill-range-7.0.1.tgz",
          "integrity": "sha512-qOo9F+dMUmC2Lcb4BbVvnKJxTPjCm+RRpe4gDuGrzkL7mEVl/djYSu2OdQ2Pa302N4oqkSg9ir6jaLWJ2USVpQ==",
          "dev": true,
          "requires": {
            "to-regex-range": "^5.0.1"
          }
        },
        "fsevents": {
          "version": "2.3.2",
          "resolved": "https://registry.npmjs.org/fsevents/-/fsevents-2.3.2.tgz",
          "integrity": "sha512-xiqMQR4xAeHTuB9uWm+fFRcIOgKBMiOBP+eXiyT7jsgVCq1bkVygt00oASowB7EdtpOHaaPgKt812P9ab+DDKA==",
          "dev": true,
          "optional": true
        },
        "glob-parent": {
          "version": "5.1.2",
          "resolved": "https://registry.npmjs.org/glob-parent/-/glob-parent-5.1.2.tgz",
          "integrity": "sha512-AOIgSQCepiJYwP3ARnGx+5VnTu2HBYdzbGP45eLw1vr3zB3vZLeyed1sC9hnbcOc9/SrMyM5RPQrkGz4aS9Zow==",
          "dev": true,
          "requires": {
            "is-glob": "^4.0.1"
          }
        },
        "is-binary-path": {
          "version": "2.1.0",
          "resolved": "https://registry.npmjs.org/is-binary-path/-/is-binary-path-2.1.0.tgz",
          "integrity": "sha512-ZMERYes6pDydyuGidse7OsHxtbI7WVeUEozgR/g7rd0xUimYNlvZRE/K2MgZTjWy725IfelLeVcEM97mmtRGXw==",
          "dev": true,
          "requires": {
            "binary-extensions": "^2.0.0"
          }
        },
        "is-extglob": {
          "version": "2.1.1",
          "resolved": "https://registry.npmjs.org/is-extglob/-/is-extglob-2.1.1.tgz",
          "integrity": "sha512-SbKbANkN603Vi4jEZv49LeVJMn4yGwsbzZworEoyEiutsN3nJYdbO36zfhGJ6QEDpOZIFkDtnq5JRxmvl3jsoQ==",
          "dev": true
        },
        "is-glob": {
          "version": "4.0.3",
          "resolved": "https://registry.npmjs.org/is-glob/-/is-glob-4.0.3.tgz",
          "integrity": "sha512-xelSayHH36ZgE7ZWhli7pW34hNbNl8Ojv5KVmkJD4hBdD3th8Tfk9vYasLM+mXWOZhFkgZfxhLSnrwRr4elSSg==",
          "dev": true,
          "requires": {
            "is-extglob": "^2.1.1"
          }
        },
        "normalize-path": {
          "version": "3.0.0",
          "resolved": "https://registry.npmjs.org/normalize-path/-/normalize-path-3.0.0.tgz",
          "integrity": "sha512-6eZs5Ls3WtCisHWp9S2GUy8dqkpGi4BVSz3GaqiE6ezub0512ESztXUwUB6C6IKbQkY2Pnb/mD4WYojCRwcwLA==",
          "dev": true
        },
        "readdirp": {
          "version": "3.6.0",
          "resolved": "https://registry.npmjs.org/readdirp/-/readdirp-3.6.0.tgz",
          "integrity": "sha512-hOS089on8RduqdbhvQ5Z37A0ESjsqz6qnRcffsMU3495FuTdqSm+7bhJ29JvIOsBDEEnan5DPu9t3To9VRlMzA==",
          "dev": true,
          "requires": {
            "picomatch": "^2.2.1"
          }
        },
        "slash": {
          "version": "3.0.0",
          "resolved": "https://registry.npmjs.org/slash/-/slash-3.0.0.tgz",
          "integrity": "sha512-g9Q1haeby36OSStwb4ntCGGGaKsaVSjQ68fBxoQcutl5fS1vuY18H3wSt3jFyFtrkx+Kz0V1G85A4MyAdDMi2Q==",
          "dev": true
        },
        "strip-ansi": {
          "version": "7.0.1",
          "resolved": "https://registry.npmjs.org/strip-ansi/-/strip-ansi-7.0.1.tgz",
          "integrity": "sha512-cXNxvT8dFNRVfhVME3JAe98mkXDYN2O1l7jmcwMnOslDeESg1rF/OZMtK0nRAhiari1unG5cD4jG3rapUAkLbw==",
          "dev": true,
          "requires": {
            "ansi-regex": "^6.0.1"
          }
        }
      }
    },
    "aws-sign2": {
      "version": "0.6.0",
      "resolved": "https://registry.npmjs.org/aws-sign2/-/aws-sign2-0.6.0.tgz",
      "integrity": "sha1-FDQt0428yU0OW4fXY81jYSwOeU8=",
      "dev": true
    },
    "aws4": {
      "version": "1.6.0",
      "resolved": "https://registry.npmjs.org/aws4/-/aws4-1.6.0.tgz",
      "integrity": "sha1-g+9cqGCysy5KDe7e6MdxudtXRx4=",
      "dev": true
    },
    "babel-cli": {
      "version": "6.26.0",
      "resolved": "https://registry.npmjs.org/babel-cli/-/babel-cli-6.26.0.tgz",
      "integrity": "sha1-UCq1SHTX24itALiHoGODzgPQAvE=",
      "dev": true,
      "requires": {
        "babel-core": "6.26.0",
        "babel-polyfill": "6.26.0",
        "babel-register": "6.26.0",
        "babel-runtime": "6.26.0",
        "chokidar": "1.7.0",
        "commander": "2.11.0",
        "convert-source-map": "1.5.0",
        "fs-readdir-recursive": "1.0.0",
        "glob": "7.1.2",
        "lodash": "4.17.4",
        "output-file-sync": "1.1.2",
        "path-is-absolute": "1.0.1",
        "slash": "1.0.0",
        "source-map": "0.5.7",
        "v8flags": "2.1.1"
      }
    },
    "babel-code-frame": {
      "version": "6.26.0",
      "resolved": "https://registry.npmjs.org/babel-code-frame/-/babel-code-frame-6.26.0.tgz",
      "integrity": "sha1-Y/1D99weO7fONZR9uP42mj9Yx0s=",
      "dev": true,
      "requires": {
        "chalk": "1.1.3",
        "esutils": "2.0.2",
        "js-tokens": "3.0.2"
      }
    },
    "babel-core": {
      "version": "6.26.0",
      "resolved": "https://registry.npmjs.org/babel-core/-/babel-core-6.26.0.tgz",
      "integrity": "sha1-rzL3izGm/O8RnIew/Y2XU/A6C7g=",
      "dev": true,
      "requires": {
        "babel-code-frame": "6.26.0",
        "babel-generator": "6.26.0",
        "babel-helpers": "6.24.1",
        "babel-messages": "6.23.0",
        "babel-register": "6.26.0",
        "babel-runtime": "6.26.0",
        "babel-template": "6.26.0",
        "babel-traverse": "6.26.0",
        "babel-types": "6.26.0",
        "babylon": "6.18.0",
        "convert-source-map": "1.5.0",
        "debug": "2.6.9",
        "json5": "0.5.1",
        "lodash": "4.17.4",
        "minimatch": "3.0.4",
        "path-is-absolute": "1.0.1",
        "private": "0.1.8",
        "slash": "1.0.0",
        "source-map": "0.5.7"
      },
      "dependencies": {
        "debug": {
          "version": "2.6.9",
          "resolved": "https://registry.npmjs.org/debug/-/debug-2.6.9.tgz",
          "integrity": "sha512-bC7ElrdJaJnPbAP+1EotYvqZsb3ecl5wi6Bfi6BJTUcNowp6cvspg0jXznRTKDjm/E7AdgFBVeAPVMNcKGsHMA==",
          "dev": true,
          "requires": {
            "ms": "2.0.0"
          }
        },
        "ms": {
          "version": "2.0.0",
          "resolved": "https://registry.npmjs.org/ms/-/ms-2.0.0.tgz",
          "integrity": "sha512-Tpp60P6IUJDTuOq/5Z8cdskzJujfwqfOTkrwIwj7IRISpnkJnT6SyJ4PCPnGMoFjC9ddhal5KVIYtAt97ix05A==",
          "dev": true
        }
      }
    },
    "babel-generator": {
      "version": "6.26.0",
      "resolved": "https://registry.npmjs.org/babel-generator/-/babel-generator-6.26.0.tgz",
      "integrity": "sha1-rBriAHC3n248odMmlhMFN3TyDcU=",
      "dev": true,
      "requires": {
        "babel-messages": "6.23.0",
        "babel-runtime": "6.26.0",
        "babel-types": "6.26.0",
        "detect-indent": "4.0.0",
        "jsesc": "1.3.0",
        "lodash": "4.17.4",
        "source-map": "0.5.7",
        "trim-right": "1.0.1"
      }
    },
    "babel-helper-call-delegate": {
      "version": "6.24.1",
      "resolved": "https://registry.npmjs.org/babel-helper-call-delegate/-/babel-helper-call-delegate-6.24.1.tgz",
      "integrity": "sha1-7Oaqzdx25Bw0YfiL/Fdb0Nqi340=",
      "dev": true,
      "requires": {
        "babel-helper-hoist-variables": "6.24.1",
        "babel-runtime": "6.26.0",
        "babel-traverse": "6.26.0",
        "babel-types": "6.26.0"
      }
    },
    "babel-helper-define-map": {
      "version": "6.26.0",
      "resolved": "https://registry.npmjs.org/babel-helper-define-map/-/babel-helper-define-map-6.26.0.tgz",
      "integrity": "sha1-pfVtq0GiX5fstJjH66ypgZ+Vvl8=",
      "dev": true,
      "requires": {
        "babel-helper-function-name": "6.24.1",
        "babel-runtime": "6.26.0",
        "babel-types": "6.26.0",
        "lodash": "4.17.4"
      }
    },
    "babel-helper-function-name": {
      "version": "6.24.1",
      "resolved": "https://registry.npmjs.org/babel-helper-function-name/-/babel-helper-function-name-6.24.1.tgz",
      "integrity": "sha1-00dbjAPtmCQqJbSDUasYOZ01gKk=",
      "dev": true,
      "requires": {
        "babel-helper-get-function-arity": "6.24.1",
        "babel-runtime": "6.26.0",
        "babel-template": "6.26.0",
        "babel-traverse": "6.26.0",
        "babel-types": "6.26.0"
      }
    },
    "babel-helper-get-function-arity": {
      "version": "6.24.1",
      "resolved": "https://registry.npmjs.org/babel-helper-get-function-arity/-/babel-helper-get-function-arity-6.24.1.tgz",
      "integrity": "sha1-j3eCqpNAfEHTqlCQj4mwMbG2hT0=",
      "dev": true,
      "requires": {
        "babel-runtime": "6.26.0",
        "babel-types": "6.26.0"
      }
    },
    "babel-helper-hoist-variables": {
      "version": "6.24.1",
      "resolved": "https://registry.npmjs.org/babel-helper-hoist-variables/-/babel-helper-hoist-variables-6.24.1.tgz",
      "integrity": "sha1-HssnaJydJVE+rbyZFKc/VAi+enY=",
      "dev": true,
      "requires": {
        "babel-runtime": "6.26.0",
        "babel-types": "6.26.0"
      }
    },
    "babel-helper-optimise-call-expression": {
      "version": "6.24.1",
      "resolved": "https://registry.npmjs.org/babel-helper-optimise-call-expression/-/babel-helper-optimise-call-expression-6.24.1.tgz",
      "integrity": "sha1-96E0J7qfc/j0+pk8VKl4gtEkQlc=",
      "dev": true,
      "requires": {
        "babel-runtime": "6.26.0",
        "babel-types": "6.26.0"
      }
    },
    "babel-helper-regex": {
      "version": "6.26.0",
      "resolved": "https://registry.npmjs.org/babel-helper-regex/-/babel-helper-regex-6.26.0.tgz",
      "integrity": "sha1-MlxZ+QL4LyS3T6zu0DY5VPZJXnI=",
      "dev": true,
      "requires": {
        "babel-runtime": "6.26.0",
        "babel-types": "6.26.0",
        "lodash": "4.17.4"
      }
    },
    "babel-helper-replace-supers": {
      "version": "6.24.1",
      "resolved": "https://registry.npmjs.org/babel-helper-replace-supers/-/babel-helper-replace-supers-6.24.1.tgz",
      "integrity": "sha1-v22/5Dk40XNpohPKiov3S2qQqxo=",
      "dev": true,
      "requires": {
        "babel-helper-optimise-call-expression": "6.24.1",
        "babel-messages": "6.23.0",
        "babel-runtime": "6.26.0",
        "babel-template": "6.26.0",
        "babel-traverse": "6.26.0",
        "babel-types": "6.26.0"
      }
    },
    "babel-helpers": {
      "version": "6.24.1",
      "resolved": "https://registry.npmjs.org/babel-helpers/-/babel-helpers-6.24.1.tgz",
      "integrity": "sha1-NHHenK7DiOXIUOWX5Yom3fN2ArI=",
      "dev": true,
      "requires": {
        "babel-runtime": "6.26.0",
        "babel-template": "6.26.0"
      }
    },
    "babel-messages": {
      "version": "6.23.0",
      "resolved": "https://registry.npmjs.org/babel-messages/-/babel-messages-6.23.0.tgz",
      "integrity": "sha1-8830cDhYA1sqKVHG7F7fbGLyYw4=",
      "dev": true,
      "requires": {
        "babel-runtime": "6.26.0"
      }
    },
    "babel-plugin-check-es2015-constants": {
      "version": "6.22.0",
      "resolved": "https://registry.npmjs.org/babel-plugin-check-es2015-constants/-/babel-plugin-check-es2015-constants-6.22.0.tgz",
      "integrity": "sha1-NRV7EBQm/S/9PaP3XH0ekYNbv4o=",
      "dev": true,
      "requires": {
        "babel-runtime": "6.26.0"
      }
    },
    "babel-plugin-transform-es2015-arrow-functions": {
      "version": "6.22.0",
      "resolved": "https://registry.npmjs.org/babel-plugin-transform-es2015-arrow-functions/-/babel-plugin-transform-es2015-arrow-functions-6.22.0.tgz",
      "integrity": "sha1-RSaSy3EdX3ncf4XkQM5BufJE0iE=",
      "dev": true,
      "requires": {
        "babel-runtime": "6.26.0"
      }
    },
    "babel-plugin-transform-es2015-block-scoped-functions": {
      "version": "6.22.0",
      "resolved": "https://registry.npmjs.org/babel-plugin-transform-es2015-block-scoped-functions/-/babel-plugin-transform-es2015-block-scoped-functions-6.22.0.tgz",
      "integrity": "sha1-u8UbSflk1wy42OC5ToICRs46YUE=",
      "dev": true,
      "requires": {
        "babel-runtime": "6.26.0"
      }
    },
    "babel-plugin-transform-es2015-block-scoping": {
      "version": "6.26.0",
      "resolved": "https://registry.npmjs.org/babel-plugin-transform-es2015-block-scoping/-/babel-plugin-transform-es2015-block-scoping-6.26.0.tgz",
      "integrity": "sha1-1w9SmcEwjQXBL0Y4E7CgnnOxiV8=",
      "dev": true,
      "requires": {
        "babel-runtime": "6.26.0",
        "babel-template": "6.26.0",
        "babel-traverse": "6.26.0",
        "babel-types": "6.26.0",
        "lodash": "4.17.4"
      }
    },
    "babel-plugin-transform-es2015-classes": {
      "version": "6.24.1",
      "resolved": "https://registry.npmjs.org/babel-plugin-transform-es2015-classes/-/babel-plugin-transform-es2015-classes-6.24.1.tgz",
      "integrity": "sha1-WkxYpQyclGHlZLSyo7+ryXolhNs=",
      "dev": true,
      "requires": {
        "babel-helper-define-map": "6.26.0",
        "babel-helper-function-name": "6.24.1",
        "babel-helper-optimise-call-expression": "6.24.1",
        "babel-helper-replace-supers": "6.24.1",
        "babel-messages": "6.23.0",
        "babel-runtime": "6.26.0",
        "babel-template": "6.26.0",
        "babel-traverse": "6.26.0",
        "babel-types": "6.26.0"
      }
    },
    "babel-plugin-transform-es2015-computed-properties": {
      "version": "6.24.1",
      "resolved": "https://registry.npmjs.org/babel-plugin-transform-es2015-computed-properties/-/babel-plugin-transform-es2015-computed-properties-6.24.1.tgz",
      "integrity": "sha1-b+Ko0WiV1WNPTNmZttNICjCBWbM=",
      "dev": true,
      "requires": {
        "babel-runtime": "6.26.0",
        "babel-template": "6.26.0"
      }
    },
    "babel-plugin-transform-es2015-destructuring": {
      "version": "6.23.0",
      "resolved": "https://registry.npmjs.org/babel-plugin-transform-es2015-destructuring/-/babel-plugin-transform-es2015-destructuring-6.23.0.tgz",
      "integrity": "sha1-mXux8auWf2gtKwh2/jWNYOdlxW0=",