
# THIS IS AN AUTOGENERATED FILE. DO NOT EDIT THIS FILE DIRECTLY.
# yarn lockfile v1


"@nodelib/fs.scandir@2.1.5":
  version "2.1.5"
  resolved "https://registry.yarnpkg.com/@nodelib/fs.scandir/-/fs.scandir-2.1.5.tgz#7619c2eb21b25483f6d167548b4cfd5a7488c3d5"
  dependencies:
    "@nodelib/fs.stat" "2.0.5"
    run-parallel "^1.1.9"

"@nodelib/fs.stat@2.0.5", "@nodelib/fs.stat@^2.0.2":
  version "2.0.5"
  resolved "https://registry.yarnpkg.com/@nodelib/fs.stat/-/fs.stat-2.0.5.tgz#5bd262af94e9d25bd1e71b05deed44876a222e8b"

"@nodelib/fs.walk@^1.2.3":
  version "1.2.8"
  resolved "https://registry.yarnpkg.com/@nodelib/fs.walk/-/fs.walk-1.2.8.tgz#e95737e8bb6746ddedf69c556953494f196fe69a"
  dependencies:
    "@nodelib/fs.scandir" "2.1.5"
    fastq "^1.6.0"

"File@>= 0.10.0", File@^0.10.2:
  version "0.10.2"
  resolved "https://registry.yarnpkg.com/File/-/File-0.10.2.tgz#e899f776d273e2243ba86105bb3b056d0fb95604"
  dependencies:
    mime ">= 0.0.0"

"FileList@>= 0.10.0", FileList@^0.10.2:
  version "0.10.2"
  resolved "https://registry.yarnpkg.com/FileList/-/FileList-0.10.2.tgz#6003b1a9715934164b67c434ad6a8741a1cd147a"

abab@^1.0.3:
  version "1.0.4"
  resolved "https://registry.yarnpkg.com/abab/-/abab-1.0.4.tgz#5faad9c2c07f60dd76770f71cf025b62a63cfd4e"

abbrev@1:
  version "1.1.1"
  resolved "https://registry.yarnpkg.com/abbrev/-/abbrev-1.1.1.tgz#f8f2c887ad10bf67f634f005b6987fed3179aac8"

acorn-globals@^3.1.0:
  version "3.1.0"
  resolved "https://registry.yarnpkg.com/acorn-globals/-/acorn-globals-3.1.0.tgz#fd8270f71fbb4996b004fa880ee5d46573a731bf"
  dependencies:
    acorn "^4.0.4"

acorn-walk@^8.2.0:
  version "8.2.0"
  resolved "https://registry.yarnpkg.com/acorn-walk/-/acorn-walk-8.2.0.tgz#741210f2e2426454508853a2f44d0ab83b7f69c1"

acorn@^4.0.4:
  version "4.0.13"
  resolved "https://registry.yarnpkg.com/acorn/-/acorn-4.0.13.tgz#105495ae5361d697bd195c825192e1ad7f253787"

acorn@^8.8.1:
  version "8.8.1"
  resolved "https://registry.yarnpkg.com/acorn/-/acorn-8.8.1.tgz#0a3f9cbecc4ec3bea6f0a80b66ae8dd2da250b73"

aggregate-error@^4.0.0:
  version "4.0.1"
  resolved "https://registry.yarnpkg.com/aggregate-error/-/aggregate-error-4.0.1.tgz#25091fe1573b9e0be892aeda15c7c66a545f758e"
  dependencies:
    clean-stack "^4.0.0"
    indent-string "^5.0.0"

ajv@^4.9.1:
  version "4.11.8"
  resolved "https://registry.yarnpkg.com/ajv/-/ajv-4.11.8.tgz#82ffb02b29e662ae53bdc20af15947706739c536"
  dependencies:
    co "^4.6.0"
    json-stable-stringify "^1.0.1"

ajv@^5.1.0:
  version "5.2.3"
  resolved "https://registry.yarnpkg.com/ajv/-/ajv-5.2.3.tgz#c06f598778c44c6b161abafe3466b81ad1814ed2"
  dependencies:
    co "^4.6.0"
    fast-deep-equal "^1.0.0"
    json-schema-traverse "^0.3.0"
    json-stable-stringify "^1.0.1"

align-text@^0.1.1, align-text@^0.1.3:
  version "0.1.4"
  resolved "https://registry.yarnpkg.com/align-text/-/align-text-0.1.4.tgz#0cd90a561093f35d0a99256c22b7069433fad117"
  dependencies:
    kind-of "^3.0.2"
    longest "^1.0.1"
    repeat-string "^1.5.2"

amdefine@>=0.0.4:
  version "1.0.1"
  resolved "https://registry.yarnpkg.com/amdefine/-/amdefine-1.0.1.tgz#4a5282ac164729e93619bcfd3ad151f817ce91f5"

ansi-regex@^2.0.0:
  version "2.1.1"
  resolved "https://registry.yarnpkg.com/ansi-regex/-/ansi-regex-2.1.1.tgz#c3b33ab5ee360d86e0e628f0468ae7ef27d654df"

ansi-regex@^5.0.1:
  version "5.0.1"
  resolved "https://registry.yarnpkg.com/ansi-regex/-/ansi-regex-5.0.1.tgz#082cb2c89c9fe8659a311a53bd6a4dc5301db304"

ansi-regex@^6.0.1:
  version "6.0.1"
  resolved "https://registry.yarnpkg.com/ansi-regex/-/ansi-regex-6.0.1.tgz#3183e38fae9a65d7cb5e53945cd5897d0260a06a"

ansi-styles@^2.2.1:
  version "2.2.1"
  resolved "https://registry.yarnpkg.com/ansi-styles/-/ansi-styles-2.2.1.tgz#b432dd3358b634cf75e1e4664368240533c1ddbe"

ansi-styles@^4.0.0:
  version "4.3.0"
  resolved "https://registry.yarnpkg.com/ansi-styles/-/ansi-styles-4.3.0.tgz#edd803628ae71c04c85ae7a0906edad34b648937"
  dependencies:
    color-convert "^2.0.1"

ansi-styles@^6.0.0, ansi-styles@^6.2.1:
  version "6.2.1"
  resolved "https://registry.yarnpkg.com/ansi-styles/-/ansi-styles-6.2.1.tgz#0e62320cf99c21afff3b3012192546aacbfb05c5"

anymatch@^1.3.0:
  version "1.3.2"
  resolved "https://registry.yarnpkg.com/anymatch/-/anymatch-1.3.2.tgz#553dcb8f91e3c889845dfdba34c77721b90b9d7a"
  dependencies:
    micromatch "^2.1.5"
    normalize-path "^2.0.0"

anymatch@~3.1.2:
  version "3.1.3"
  resolved "https://registry.yarnpkg.com/anymatch/-/anymatch-3.1.3.tgz#790c58b19ba1720a84205b57c618d5ad8524973e"
  dependencies:
    normalize-path "^3.0.0"
    picomatch "^2.0.4"
